
Microsoft Visual Studio Solution File, Format Version 12.00
# Visual Studio Version 16
VisualStudioVersion = 16.0.30717.126
MinimumVisualStudioVersion = 10.0.40219.1
Project("{FAE04EC0-301F-11D3-BF4B-00C04F79EFBC}") = "MvcMovie", "MvcMovie\MvcMovie.csproj", "{3B4FFD3E-B0EC-464E-A8C5-8A0DA6A8A8E1}"
EndProject
Global
	GlobalSection(SolutionConfigurationPlatforms) = preSolution
		Debug|Any CPU = Debug|Any CPU
		Release|Any CPU = Release|Any CPU
	EndGlobalSection
	GlobalSection(ProjectConfigurationPlatforms) = postSolution
		{3B4FFD3E-B0EC-464E-A8C5-8A0DA6A8A8E1}.Debug|Any CPU.ActiveCfg = Debug|Any CPU
		{3B4FFD3E-B0EC-464E-A8C5-8A0DA6A8A8E1}.Debug|Any CPU.Build.0 = Debug|Any CPU
		{3B4FFD3E-B0EC-464E-A8C5-8A0DA6A8A8E1}.Release|Any CPU.ActiveCfg = Release|Any CPU
		{3B4FFD3E-B0EC-464E-A8C5-8A0DA6A8A8E1}.Release|Any CPU.Build.0 = Release|Any CPU
	EndGlobalSection
	GlobalSection(SolutionProperties) = preSolution
		HideSolutionNode = FALSE
	EndGlobalSection
	GlobalSection(ExtensibilityGlobals) = postSolution
		SolutionGuid = {2E11F2BA-F4E4-4C24-9D48-D03A2A3DFD57}
	EndGlobalSection
EndGlobal
